
Microsoft Visual Studio Solution File, Format Version 12.00
# Visual Studio Version 17
VisualStudioVersion = 17.0.32126.317
MinimumVisualStudioVersion = 10.0.40219.1
Project("{6EC3EE1D-3C4E-46DD-8F32-0CC8E7565705}") = "kvps", "src\kvps\kvps.fsproj", "{F10187BC-73C1-4051-82A6-35E8BF6C79FF}"
EndProject
Project("{2150E333-8FDC-42A3-9474-1A3956D46DE8}") = "src", "src", "{067339C5-C6B7-4B9D-9B3C-12811969A560}"
EndProject
Project("{2150E333-8FDC-42A3-9474-1A3956D46DE8}") = "test", "test", "{77D53C87-6159-4EE6-A596-79341406FAC7}"
EndProject
Project("{2150E333-8FDC-42A3-9474-1A3956D46DE8}") = "build", "build", "{DBAC85E8-3274-4821-B8E6-D35B7709CDFF}"
	ProjectSection(SolutionItems) = preProject
		.editorconfig = .editorconfig
		.github\workflows\build.yml = .github\workflows\build.yml
		paket.dependencies = paket.dependencies
	EndProjectSection
EndProject
Project("{6EC3EE1D-3C4E-46DD-8F32-0CC8E7565705}") = "kvps.tests", "tests\kvps.tests\kvps.tests.fsproj", "{957A1FFF-058A-40A0-91E7-6FCD39E8E31B}"
EndProject
Project("{2150E333-8FDC-42A3-9474-1A3956D46DE8}") = "docs", "docs", "{CE965ADE-81C6-4317-8060-483AAB9B4D4F}"
	ProjectSection(SolutionItems) = preProject
		README.md = README.md
	EndProjectSection
EndProject
Global
	GlobalSection(SolutionConfigurationPlatforms) = preSolution
		Debug|Any CPU = Debug|Any CPU
		Release|Any CPU = Release|Any CPU
	EndGlobalSection
	GlobalSection(ProjectConfigurationPlatforms) = postSolution
		{F10187BC-73C1-4051-82A6-35E8BF6C79FF}.Debug|Any CPU.ActiveCfg = Debug|Any CPU
		{F10187BC-73C1-4051-82A6-35E8BF6C79FF}.Debug|Any CPU.Build.0 = Debug|Any CPU
		{F10187BC-73C1-4051-82A6-35E8BF6C79FF}.Release|Any CPU.ActiveCfg = Release|Any CPU
		{F10187BC-73C1-4051-82A6-35E8BF6C79FF}.Release|Any CPU.Build.0 = Release|Any CPU
		{957A1FFF-058A-40A0-91E7-6FCD39E8E31B}.Debug|Any CPU.ActiveCfg = Debug|Any CPU
		{957A1FFF-058A-40A0-91E7-6FCD39E8E31B}.Debug|Any CPU.Build.0 = Debug|Any CPU
		{957A1FFF-058A-40A0-91E7-6FCD39E8E31B}.Release|Any CPU.ActiveCfg = Release|Any CPU
		{957A1FFF-058A-40A0-91E7-6FCD39E8E31B}.Release|Any CPU.Build.0 = Release|Any CPU
	EndGlobalSection
	GlobalSection(SolutionProperties) = preSolution
		HideSolutionNode = FALSE
	EndGlobalSection
	GlobalSection(NestedProjects) = preSolution
		{F10187BC-73C1-4051-82A6-35E8BF6C79FF} = {067339C5-C6B7-4B9D-9B3C-12811969A560}
		{957A1FFF-058A-40A0-91E7-6FCD39E8E31B} = {77D53C87-6159-4EE6-A596-79341406FAC7}
	EndGlobalSection
	GlobalSection(ExtensibilityGlobals) = postSolution
		SolutionGuid = {72289A03-1851-4478-BBC1-A7C2EF9970C9}
	EndGlobalSection
EndGlobal
